Microsoft Visual Studio Solution File, Format Version 12.00
# Visual Studio Version 17
VisualStudioVersion = 17.5.2.0
MinimumVisualStudioVersion = 10.0.40219.1
Project("{FAE04EC0-301F-11D3-BF4B-00C04F79EFBC}") = "TimeBasedRacingGame", "TimeBasedRacingGame.csproj", "{8245AE81-77A2-B879-F95D-2155C22AB24A}"
EndProject
Project("{FAE04EC0-301F-11D3-BF4B-00C04F79EFBC}") = "TimeBasedRacingGame.Tests", "Tests\TimeBasedRacingGame.Tests.csproj", "{8A928D90-4ECA-038F-0657-5E576CF559E0}"
EndProject
Global
	GlobalSection(SolutionConfigurationPlatforms) = preSolution
		Debug|Any CPU = Debug|Any CPU
		Release|Any CPU = Release|Any CPU
	EndGlobalSection
	GlobalSection(ProjectConfigurationPlatforms) = postSolution
		{8245AE81-77A2-B879-F95D-2155C22AB24A}.Debug|Any CPU.ActiveCfg = Debug|Any CPU
		{8245AE81-77A2-B879-F95D-2155C22AB24A}.Debug|Any CPU.Build.0 = Debug|Any CPU
		{8245AE81-77A2-B879-F95D-2155C22AB24A}.Release|Any CPU.ActiveCfg = Release|Any CPU
		{8245AE81-77A2-B879-F95D-2155C22AB24A}.Release|Any CPU.Build.0 = Release|Any CPU
		{8A928D90-4ECA-038F-0657-5E576CF559E0}.Debug|Any CPU.ActiveCfg = Debug|Any CPU
		{8A928D90-4ECA-038F-0657-5E576CF559E0}.Debug|Any CPU.Build.0 = Debug|Any CPU
		{8A928D90-4ECA-038F-0657-5E576CF559E0}.Release|Any CPU.ActiveCfg = Release|Any CPU
		{8A928D90-4ECA-038F-0657-5E576CF559E0}.Release|Any CPU.Build.0 = Release|Any CPU
	EndGlobalSection
	GlobalSection(SolutionProperties) = preSolution
		HideSolutionNode = FALSE
	EndGlobalSection
	GlobalSection(ExtensibilityGlobals) = postSolution
		SolutionGuid = {853918EC-C248-4559-B17E-95BF9F961C94}
	EndGlobalSection
EndGlobal
